{
  "name": "anton-schulz-dot-com",
  "version": "1.0.0",
  "lockfileVersion": 1,
  "requires": true,
  "dependencies": {
    "react-fadethrough": {
      "version": "2.0.0",
      "resolved": "https://registry.npmjs.org/react-fadethrough/-/react-fadethrough-2.0.0.tgz",
      "integrity": "sha512-izscx70X0H1gKYCsYyJhmM/64wr6wOdkjAZ8VmD86KmanImDj4vdCLxkMWP59RSssMq0Ly/2dk9HNmW5dtDlIA=="
    }
  }
}
